
Microsoft Visual Studio Solution File, Format Version 12.00
# Visual Studio Version 17
VisualStudioVersion = 17.6.33829.357
MinimumVisualStudioVersion = 10.0.40219.1
Project("{FAE04EC0-301F-11D3-BF4B-00C04F79EFBC}") = "QuanLyBanCaPhe", "QuanLyBanCaPhe\QuanLyBanCaPhe.csproj", "{032889DA-9D9F-43C3-A586-A23894F7B58E}"
EndProject
Global
	GlobalSection(SolutionConfigurationPlatforms) = preSolution
		Debug|Any CPU = Debug|Any CPU
		Release|Any CPU = Release|Any CPU
	EndGlobalSection
	GlobalSection(ProjectConfigurationPlatforms) = postSolution
		{032889DA-9D9F-43C3-A586-A23894F7B58E}.Debug|Any CPU.ActiveCfg = Debug|Any CPU
		{032889DA-9D9F-43C3-A586-A23894F7B58E}.Debug|Any CPU.Build.0 = Debug|Any CPU
		{032889DA-9D9F-43C3-A586-A23894F7B58E}.Release|Any CPU.ActiveCfg = Release|Any CPU
		{032889DA-9D9F-43C3-A586-A23894F7B58E}.Release|Any CPU.Build.0 = Release|Any CPU
	EndGlobalSection
	GlobalSection(SolutionProperties) = preSolution
		HideSolutionNode = FALSE
	EndGlobalSection
	GlobalSection(ExtensibilityGlobals) = postSolution
		SolutionGuid = {A613A90D-B786-429C-B97D-0AD32674BABA}
	EndGlobalSection
EndGlobal
